
Microsoft Visual Studio Solution File, Format Version 12.00
# Visual Studio 14
VisualStudioVersion = 14.0.25420.1
MinimumVisualStudioVersion = 10.0.40219.1
Project("{FAE04EC0-301F-11D3-BF4B-00C04F79EFBC}") = "Xamo.Droid", "Xamo\Xamo.Droid\Xamo.Droid.csproj", "{EAFEDC0B-B370-4E77-9756-3C05E4FB9A0E}"
EndProject
Project("{FAE04EC0-301F-11D3-BF4B-00C04F79EFBC}") = "Xamo.iOS", "Xamo\Xamo.iOS\Xamo.iOS.csproj", "{E4C94AB7-A5C8-4027-868A-5CEFFA8EE3F9}"
EndProject
Project("{FAE04EC0-301F-11D3-BF4B-00C04F79EFBC}") = "Xamo.WinPhone", "Xamo\Xamo.WinPhone\Xamo.WinPhone.csproj", "{F4EA979F-BDA3-4D65-B9F1-0908E3681410}"
EndProject
Project("{FAE04EC0-301F-11D3-BF4B-00C04F79EFBC}") = "Xamo.Windows", "Xamo\Xamo.Windows\Xamo.Windows.csproj", "{8A4D3B04-4166-4E6B-9A5B-CFDBB0D9D53F}"
EndProject
Project("{FAE04EC0-301F-11D3-BF4B-00C04F79EFBC}") = "Xamo", "Xamo\Xamo\Xamo.csproj", "{7DEC270B-0E2C-44A1-BEF0-2F54E3583392}"
EndProject
Global
	GlobalSection(SolutionConfigurationPlatforms) = preSolution
		Ad-Hoc|Any CPU = Ad-Hoc|Any CPU
		Ad-Hoc|ARM = Ad-Hoc|ARM
		Ad-Hoc|iPhone = Ad-Hoc|iPhone
		Ad-Hoc|iPhoneSimulator = Ad-Hoc|iPhoneSimulator
		Ad-Hoc|x64 = Ad-Hoc|x64
		Ad-Hoc|x86 = Ad-Hoc|x86
		AppStore|Any CPU = AppStore|Any CPU
		AppStore|ARM = AppStore|ARM
		AppStore|iPhone = AppStore|iPhone
		AppStore|iPhoneSimulator = AppStore|iPhoneSimulator
		AppStore|x64 = AppStore|x64
		AppStore|x86 = AppStore|x86
		Debug|Any CPU = Debug|Any CPU
		Debug|ARM = Debug|ARM
		Debug|iPhone = Debug|iPhone
		Debug|iPhoneSimulator = Debug|iPhoneSimulator
		Debug|x64 = Debug|x64
		Debug|x86 = Debug|x86
		Release|Any CPU = Release|Any CPU
		Release|ARM = Release|ARM
		Release|iPhone = Release|iPhone
		Release|iPhoneSimulator = Release|iPhoneSimulator
		Release|x64 = Release|x64
		Release|x86 = Release|x86
	EndGlobalSection
	GlobalSection(ProjectConfigurationPlatforms) = postSolution
		{EAFEDC0B-B370-4E77-9756-3C05E4FB9A0E}.Ad-Hoc|Any CPU.ActiveCfg = Release|Any CPU
		{EAFEDC0B-B370-4E77-9756-3C05E4FB9A0E}.Ad-Hoc|Any CPU.Build.0 = Release|Any CPU
		{EAFEDC0B-B370-4E77-9756-3C05E4FB9A0E}.Ad-Hoc|Any CPU.Deploy.0 = Release|Any CPU
		{EAFEDC0B-B370-4E77-9756-3C05E4FB9A0E}.Ad-Hoc|ARM.ActiveCfg = Release|Any CPU
		{EAFEDC0B-B370-4E77-9756-3C05E4FB9A0E}.Ad-Hoc|ARM.Build.0 = Release|Any CPU
		{EAFEDC0B-B370-4E77-9756-3C05E4FB9A0E}.Ad-Hoc|ARM.Deploy.0 = Release|Any CPU
		{EAFEDC0B-B370-4E77-9756-3C05E4FB9A0E}.Ad-Hoc|iPhone.ActiveCfg = Release|Any CPU
		{EAFEDC0B-B370-4E77-9756-3C05E4FB9A0E}.Ad-Hoc|iPhone.Build.0 = Release|Any CPU
		{EAFEDC0B-B370-4E77-9756-3C05E4FB9A0E}.Ad-Hoc|iPhone.Deploy.0 = Release|Any CPU
		{EAFEDC0B-B370-4E77-9756-3C05E4FB9A0E}.Ad-Hoc|iPhoneSimulator.ActiveCfg = Release|Any CPU
		{EAFEDC0B-B370-4E77-9756-3C05E4FB9A0E}.Ad-Hoc|iPhoneSimulator.Build.0 = Release|Any CPU
		{EAFEDC0B-B370-4E77-9756-3C05E4FB9A0E}.Ad-Hoc|iPhoneSimulator.Deploy.0 = Release|Any CPU
		{EAFEDC0B-B370-4E77-9756-3C05E4FB9A0E}.Ad-Hoc|x64.ActiveCfg = Release|Any CPU
		{EAFEDC0B-B370-4E77-9756-3C05E4FB9A0E}.Ad-Hoc|x64.Build.0 = Release|Any CPU
		{EAFEDC0B-B370-4E77-9756-3C05E4FB9A0E}.Ad-Hoc|x64.Deploy.0 = Release|Any CPU
		{EAFEDC0B-B370-4E77-9756-3C05E4FB9A0E}.Ad-Hoc|x86.ActiveCfg = Release|Any CPU
		{EAFEDC0B-B370-4E77-9756-3C05E4FB9A0E}.Ad-Hoc|x86.Build.0 = Release|Any CPU
		{EAFEDC0B-B370-4E77-9756-3C05E4FB9A0E}.Ad-Hoc|x86.Deploy.0 = Release|Any CPU
		{EAFEDC0B-B370-4E77-9756-3C05E4FB9A0E}.AppStore|Any CPU.ActiveCfg = Release|Any CPU
		{EAFEDC0B-B370-4E77-9756-3C05E4FB9A0E}.AppStore|Any CPU.Build.0 = Release|Any CPU
		{EAFEDC0B-B370-4E77-9756-3C05E4FB9A0E}.AppStore|Any CPU.Deploy.0 = Release|Any CPU
		{EAFEDC0B-B370-4E77-9756-3C05E4FB9A0E}.AppStore|ARM.ActiveCfg = Release|Any CPU
		{EAFEDC0B-B370-4E77-9756-3C05E4FB9A0E}.AppStore|ARM.Build.0 = Release|Any CPU
		{EAFEDC0B-B370-4E77-9756-3C05E4FB9A0E}.AppStore|ARM.Deploy.0 = Release|Any CPU
		{EAFEDC0B-B370-4E77-9756-3C05E4FB9A0E}.AppStore|iPhone.ActiveCfg = Release|Any CPU
		{EAFEDC0B-B370-4E77-9756-3C05E4FB9A0E}.AppStore|iPhone.Build.0 = Release|Any CPU
		{EAFEDC0B-B370-4E77-9756-3C05E4FB9A0E}.AppStore|iPhone.Deploy.0 = Release|Any CPU
		{EAFEDC0B-B370-4E77-9756-3C05E4FB9A0E}.AppStore|iPhoneSimulator.ActiveCfg = Release|Any CPU
		{EAFEDC0B-B370-4E77-9756-3C05E4FB9A0E}.AppStore|iPhoneSimulator.Build.0 = Release|Any CPU
		{EAFEDC0B-B370-4E77-9756-3C05E4FB9A0E}.AppStore|iPhoneSimulator.Deploy.0 = Release|Any CPU
		{EAFEDC0B-B370-4E77-9756-3C05E4FB9A0E}.AppStore|x64.ActiveCfg = Release|Any CPU
		{EAFEDC0B-B370-4E77-9756-3C05E4FB9A0E}.AppStore|x64.Build.0 = Release|Any CPU
		{EAFEDC0B-B370-4E77-9756-3C05E4FB9A0E}.AppStore|x64.Deploy.0 = Release|Any CPU
		{EAFEDC0B-B370-4E77-9756-3C05E4FB9A0E}.AppStore|x86.ActiveCfg = Release|Any CPU
		{EAFEDC0B-B370-4E77-9756-3C05E4FB9A0E}.AppStore|x86.Build.0 = Release|Any CPU
		{EAFEDC0B-B370-4E77-9756-3C05E4FB9A0E}.AppStore|x86.Deploy.0 = Release|Any CPU
		{EAFEDC0B-B370-4E77-9756-3C05E4FB9A0E}.Debug|Any CPU.ActiveCfg = Debug|Any CPU
		{EAFEDC0B-B370-4E77-9756-3C05E4FB9A0E}.Debug|Any CPU.Build.0 = Debug|Any CPU
		{EAFEDC0B-B370-4E77-9756-3C05E4FB9A0E}.Debug|Any CPU.Deploy.0 = Debug|Any CPU
		{EAFEDC0B-B370-4E77-9756-3C05E4FB9A0E}.Debug|ARM.ActiveCfg = Debug|Any CPU
		{EAFEDC0B-B370-4E77-9756-3C05E4FB9A0E}.Debug|ARM.Build.0 = Debug|Any CPU
		{EAFEDC0B-B370-4E77-9756-3C05E4FB9A0E}.Debug|ARM.Deploy.0 = Debug|Any CPU
		{EAFEDC0B-B370-4E77-9756-3C05E4FB9A0E}.Debug|iPhone.ActiveCfg = Debug|Any CPU
		{EAFEDC0B-B370-4E77-9756-3C05E4FB9A0E}.Debug|iPhone.Build.0 = Debug|Any CPU
		{EAFEDC0B-B370-4E77-9756-3C05E4FB9A0E}.Debug|iPhone.Deploy.0 = Debug|Any CPU
		{EAFEDC0B-B370-4E77-9756-3C05E4FB9A0E}.Debug|iPhoneSimulator.ActiveCfg = Debug|Any CPU
		{EAFEDC0B-B370-4E77-9756-3C05E4FB9A0E}.Debug|iPhoneSimulator.Build.0 = Debug|Any CPU
		{EAFEDC0B-B370-4E77-9756-3C05E4FB9A0E}.Debug|iPhoneSimulator.Deploy.0 = Debug|Any CPU
		{EAFEDC0B-B370-4E77-9756-3C05E4FB9A0E}.Debug|x64.ActiveCfg = Debug|Any CPU
		{EAFEDC0B-B370-4E77-9756-3C05E4FB9A0E}.Debug|x64.Build.0 = Debug|Any CPU
		{EAFEDC0B-B370-4E77-9756-3C05E4FB9A0E}.Debug|x64.Deploy.0 = Debug|Any CPU
		{EAFEDC0B-B370-4E77-9756-3C05E4FB9A0E}.Debug|x86.ActiveCfg = Debug|Any CPU
		{EAFEDC0B-B370-4E77-9756-3C05E4FB9A0E}.Debug|x86.Build.0 = Debug|Any CPU
		{EAFEDC0B-B370-4E77-9756-3C05E4FB9A0E}.Debug|x86.Deploy.0 = Debug|Any CPU
		{EAFEDC0B-B370-4E77-9756-3C05E4FB9A0E}.Release|Any CPU.ActiveCfg = Release|Any CPU
		{EAFEDC0B-B370-4E77-9756-3C05E4FB9A0E}.Release|Any CPU.Build.0 = Release|Any CPU
		{EAFEDC0B-B370-4E77-9756-3C05E4FB9A0E}.Release|Any CPU.Deploy.0 = Release|Any CPU
		{EAFEDC0B-B370-4E77-9756-3C05E4FB9A0E}.Release|ARM.ActiveCfg = Release|Any CPU
		{EAFEDC0B-B370-4E77-9756-3C05E4FB9A0E}.Release|ARM.Build.0 = Release|Any CPU
		{EAFEDC0B-B370-4E77-9756-3C05E4FB9A0E}.Release|ARM.Deploy.0 = Release|Any CPU
		{EAFEDC0B-B370-4E77-9756-3C05E4FB9A0E}.Release|iPhone.ActiveCfg = Release|Any CPU
		{EAFEDC0B-B370-4E77-9756-3C05E4FB9A0E}.Release|iPhone.Build.0 = Release|Any CPU
		{EAFEDC0B-B370-4E77-9756-3C05E4FB9A0E}.Release|iPhone.Deploy.0 = Release|Any CPU
		{EAFEDC0B-B370-4E77-9756-3C05E4FB9A0E}.Release|iPhoneSimulator.ActiveCfg = Release|Any CPU
		{EAFEDC0B-B370-4E77-9756-3C05E4FB9A0E}.Release|iPhoneSimulator.Build.0 = Release|Any CPU
		{EAFEDC0B-B370-4E77-9756-3C05E4FB9A0E}.Release|iPhoneSimulator.Deploy.0 = Release|Any CPU
		{EAFEDC0B-B370-4E77-9756-3C05E4FB9A0E}.Release|x64.ActiveCfg = Release|Any CPU
		{EAFEDC0B-B370-4E77-9756-3C05E4FB9A0E}.Release|x64.Build.0 = Release|Any CPU
		{EAFEDC0B-B370-4E77-9756-3C05E4FB9A0E}.Release|x64.Deploy.0 = Release|Any CPU
		{EAFEDC0B-B370-4E77-9756-3C05E4FB9A0E}.Release|x86.ActiveCfg = Release|Any CPU
		{EAFEDC0B-B370-4E77-9756-3C05E4FB9A0E}.Release|x86.Build.0 = Release|Any CPU
		{EAFEDC0B-B370-4E77-9756-3C05E4FB9A0E}.Release|x86.Deploy.0 = Release|Any CPU
		{E4C94AB7-A5C8-4027-868A-5CEFFA8EE3F9}.Ad-Hoc|Any CPU.ActiveCfg = Ad-Hoc|iPhone
		{E4C94AB7-A5C8-4027-868A-5CEFFA8EE3F9}.Ad-Hoc|ARM.ActiveCfg = Ad-Hoc|iPhone
		{E4C94AB7-A5C8-4027-868A-5CEFFA8EE3F9}.Ad-Hoc|iPhone.ActiveCfg = Ad-Hoc|iPhone
		{E4C94AB7-A5C8-4027-868A-5CEFFA8EE3F9}.Ad-Hoc|iPhone.Build.0 = Ad-Hoc|iPhone
		{E4C94AB7-A5C8-4027-868A-5CEFFA8EE3F9}.Ad-Hoc|iPhoneSimulator.ActiveCfg = Ad-Hoc|iPhoneSimulator
		{E4C94AB7-A5C8-4027-868A-5CEFFA8EE3F9}.Ad-Hoc|iPhoneSimulator.Build.0 = Ad-Hoc|iPhoneSimulator
		{E4C94AB7-A5C8-4027-868A-5CEFFA8EE3F9}.Ad-Hoc|x64.ActiveCfg = Ad-Hoc|iPhone
		{E4C94AB7-A5C8-4027-868A-5CEFFA8EE3F9}.Ad-Hoc|x86.ActiveCfg = Ad-Hoc|iPhone
		{E4C94AB7-A5C8-4027-868A-5CEFFA8EE3F9}.AppStore|Any CPU.ActiveCfg = AppStore|iPhone
		{E4C94AB7-A5C8-4027-868A-5CEFFA8EE3F9}.AppStore|ARM.ActiveCfg = AppStore|iPhone
		{E4C94AB7-A5C8-4027-868A-5CEFFA8EE3F9}.AppStore|iPhone.ActiveCfg = AppStore|iPhone
		{E4C94AB7-A5C8-4027-868A-5CEFFA8EE3F9}.AppStore|iPhone.Build.0 = AppStore|iPhone
		{E4C94AB7-A5C8-4027-868A-5CEFFA8EE3F9}.AppStore|iPhoneSimulator.ActiveCfg = AppStore|iPhoneSimulator
		{E4C94AB7-A5C8-4027-868A-5CEFFA8EE3F9}.AppStore|iPhoneSimulator.Build.0 = AppStore|iPhoneSimulator
		{E4C94AB7-A5C8-4027-868A-5CEFFA8EE3F9}.AppStore|x64.ActiveCfg = AppStore|iPhone
		{E4C94AB7-A5C8-4027-868A-5CEFFA8EE3F9}.AppStore|x86.ActiveCfg = AppStore|iPhone
		{E4C94AB7-A5C8-4027-868A-5CEFFA8EE3F9}.Debug|Any CPU.ActiveCfg = Debug|iPhone
		{E4C94AB7-A5C8-4027-868A-5CEFFA8EE3F9}.Debug|ARM.ActiveCfg = Debug|iPhone
		{E4C94AB7-A5C8-4027-868A-5CEFFA8EE3F9}.Debug|iPhone.ActiveCfg = Debug|iPhone
		{E4C94AB7-A5C8-4027-868A-5CEFFA8EE3F9}.Debug|iPhone.Build.0 = Debug|iPhone
		{E4C94AB7-A5C8-4027-868A-5CEFFA8EE3F9}.Debug|iPhoneSimulator.ActiveCfg = Debug|iPhoneSimulator
		{E4C94AB7-A5C8-4027-868A-5CEFFA8EE3F9}.Debug|iPhoneSimulator.Build.0 = Debug|iPhoneSimulator
		{E4C94AB7-A5C8-4027-868A-5CEFFA8EE3F9}.Debug|x64.ActiveCfg = Debug|iPhone
		{E4C94AB7-A5C8-4027-868A-5CEFFA8EE3F9}.Debug|x86.ActiveCfg = Debug|iPhone
		{E4C94AB7-A5C8-4027-868A-5CEFFA8EE3F9}.Release|Any CPU.ActiveCfg = Release|iPhone
		{E4C94AB7-A5C8-4027-868A-5CEFFA8EE3F9}.Release|ARM.ActiveCfg = Release|iPhone
		{E4C94AB7-A5C8-4027-868A-5CEFFA8EE3F9}.Release|iPhone.ActiveCfg = Release|iPhone
		{E4C94AB7-A5C8-4027-868A-5CEFFA8EE3F9}.Release|iPhone.Build.0 = Release|iPhone
		{E4C94AB7-A5C8-4027-868A-5CEFFA8EE3F9}.Release|iPhoneSimulator.ActiveCfg = Release|iPhoneSimulator
		{E4C94AB7-A5C8-4027-868A-5CEFFA8EE3F9}.Release|iPhoneSimulator.Build.0 = Release|iPhoneSimulator
		{E4C94AB7-A5C8-4027-868A-5CEFFA8EE3F9}.Release|x64.ActiveCfg = Release|iPhone
		{E4C94AB7-A5C8-4027-868A-5CEFFA8EE3F9}.Release|x86.ActiveCfg = Release|iPhone
		{F4EA979F-BDA3-4D65-B9F1-0908E3681410}.Ad-Hoc|Any CPU.ActiveCfg = Release|Any CPU
		{F4EA979F-BDA3-4D65-B9F1-0908E3681410}.Ad-Hoc|Any CPU.Build.0 = Release|Any CPU
		{F4EA979F-BDA3-4D65-B9F1-0908E3681410}.Ad-Hoc|Any CPU.Deploy.0 = Release|Any CPU
		{F4EA979F-BDA3-4D65-B9F1-0908E3681410}.Ad-Hoc|ARM.ActiveCfg = Release|ARM
		{F4EA979F-BDA3-4D65-B9F1-0908E3681410}.Ad-Hoc|ARM.Build.0 = Release|ARM
		{F4EA979F-BDA3-4D65-B9F1-0908E3681410}.Ad-Hoc|ARM.Deploy.0 = Release|ARM
		{F4EA979F-BDA3-4D65-B9F1-0908E3681410}.Ad-Hoc|iPhone.ActiveCfg = Release|Any CPU
		{F4EA979F-BDA3-4D65-B9F1-0908E3681410}.Ad-Hoc|iPhone.Build.0 = Release|Any CPU
		{F4EA979F-BDA3-4D65-B9F1-0908E3681410}.Ad-Hoc|iPhone.Deploy.0 = Release|Any CPU
		{F4EA979F-BDA3-4D65-B9F1-0908E3681410}.Ad-Hoc|iPhoneSimulator.ActiveCfg = Release|Any CPU
		{F4EA979F-BDA3-4D65-B9F1-0908E3681410}.Ad-Hoc|iPhoneSimulator.Build.0 = Release|Any CPU
		{F4EA979F-BDA3-4D65-B9F1-0908E3681410}.Ad-Hoc|iPhoneSimulator.Deploy.0 = Release|Any CPU
		{F4EA979F-BDA3-4D65-B9F1-0908E3681410}.Ad-Hoc|x64.ActiveCfg = Release|Any CPU
		{F4EA979F-BDA3-4D65-B9F1-0908E3681410}.Ad-Hoc|x64.Build.0 = Release|Any CPU
		{F4EA979F-BDA3-4D65-B9F1-0908E3681410}.Ad-Hoc|x64.Deploy.0 = Release|Any CPU
		{F4EA979F-BDA3-4D65-B9F1-0908E3681410}.Ad-Hoc|x86.ActiveCfg = Release|x86
		{F4EA979F-BDA3-4D65-B9F1-0908E3681410}.Ad-Hoc|x86.Build.0 = Release|x86
		{F4EA979F-BDA3-4D65-B9F1-0908E3681410}.Ad-Hoc|x86.Deploy.0 = Release|x86
		{F4EA979F-BDA3-4D65-B9F1-0908E3681410}.AppStore|Any CPU.ActiveCfg = Release|Any CPU
		{F4EA979F-BDA3-4D65-B9F1-0908E3681410}.AppStore|Any CPU.Build.0 = Release|Any CPU
		{F4EA979F-BDA3-4D65-B9F1-0908E3681410}.AppStore|Any CPU.Deploy.0 = Release|Any CPU
		{F4EA979F-BDA3-4D65-B9F1-0908E3681410}.AppStore|ARM.ActiveCfg = Release|ARM
		{F4EA979F-BDA3-4D65-B9F1-0908E3681410}.AppStore|ARM.Build.0 = Release|ARM
		{F4EA979F-BDA3-4D65-B9F1-0908E3681410}.AppStore|ARM.Deploy.0 = Release|ARM
		{F4EA979F-BDA3-4D65-B9F1-0908E3681410}.AppStore|iPhone.ActiveCfg = Release|Any CPU
		{F4EA979F-BDA3-4D65-B9F1-0908E3681410}.AppStore|iPhone.Build.0 = Release|Any CPU
		{F4EA979F-BDA3-4D65-B9F1-0908E3681410}.AppStore|iPhone.Deploy.0 = Release|Any CPU
		{F4EA979F-BDA3-4D65-B9F1-0908E3681410}.AppStore|iPhoneSimulator.ActiveCfg = Release|Any CPU
		{F4EA979F-BDA3-4D65-B9F1-0908E3681410}.AppStore|iPhoneSimulator.Build.0 = Release|Any CPU
		{F4EA979F-BDA3-4D65-B9F1-0908E3681410}.AppStore|iPhoneSimulator.Deploy.0 = Release|Any CPU
		{F4EA979F-BDA3-4D65-B9F1-0908E3681410}.AppStore|x64.ActiveCfg = Release|Any CPU
		{F4EA979F-BDA3-4D65-B9F1-0908E3681410}.AppStore|x64.Build.0 = Release|Any CPU
		{F4EA979F-BDA3-4D65-B9F1-0908E3681410}.AppStore|x64.Deploy.0 = Release|Any CPU
		{F4EA979F-BDA3-4D65-B9F1-0908E3681410}.AppStore|x86.ActiveCfg = Release|x86
		{F4EA979F-BDA3-4D65-B9F1-0908E3681410}.AppStore|x86.Build.0 = Release|x86
		{F4EA979F-BDA3-4D65-B9F1-0908E3681410}.AppStore|x86.Deploy.0 = Release|x86
		{F4EA979F-BDA3-4D65-B9F1-0908E3681410}.Debug|Any CPU.ActiveCfg = Debug|Any CPU
		{F4EA979F-BDA3-4D65-B9F1-0908E3681410}.Debug|Any CPU.Build.0 = Debug|Any CPU
		{F4EA979F-BDA3-4D65-B9F1-0908E3681410}.Debug|Any CPU.Deploy.0 = Debug|Any CPU
		{F4EA979F-BDA3-4D65-B9F1-0908E3681410}.Debug|ARM.ActiveCfg = Debug|ARM
		{F4EA979F-BDA3-4D65-B9F1-0908E3681410}.Debug|ARM.Build.0 = Debug|ARM
		{F4EA979F-BDA3-4D65-B9F1-0908E3681410}.Debug|ARM.Deploy.0 = Debug|ARM
		{F4EA979F-BDA3-4D65-B9F1-0908E3681410}.Debug|iPhone.ActiveCfg = Debug|Any CPU
		{F4EA979F-BDA3-4D65-B9F1-0908E3681410}.Debug|iPhone.Build.0 = Debug|Any CPU
		{F4EA979F-BDA3-4D65-B9F1-0908E3681410}.Debug|iPhone.Deploy.0 = Debug|Any CPU
		{F4EA979F-BDA3-4D65-B9F1-0908E3681410}.Debug|iPhoneSimulator.ActiveCfg = Debug|Any CPU
		{F4EA979F-BDA3-4D65-B9F1-0908E3681410}.Debug|iPhoneSimulator.Build.0 = Debug|Any CPU
		{F4EA979F-BDA3-4D65-B9F1-0908E3681410}.Debug|iPhoneSimulator.Deploy.0 = Debug|Any CPU
		{F4EA979F-BDA3-4D65-B9F1-0908E3681410}.Debug|x64.ActiveCfg = Debug|Any CPU
		{F4EA979F-BDA3-4D65-B9F1-0908E3681410}.Debug|x64.Build.0 = Debug|Any CPU
		{F4EA979F-BDA3-4D65-B9F1-0908E3681410}.Debug|x64.Deploy.0 = Debug|Any CPU
		{F4EA979F-BDA3-4D65-B9F1-0908E3681410}.Debug|x86.ActiveCfg = Debug|x86
		{F4EA979F-BDA3-4D65-B9F1-0908E3681410}.Debug|x86.Build.0 = Debug|x86
		{F4EA979F-BDA3-4D65-B9F1-0908E3681410}.Debug|x86.Deploy.0 = Debug|x86
		{F4EA979F-BDA3-4D65-B9F1-0908E3681410}.Release|Any CPU.ActiveCfg = Release|Any CPU
		{F4EA979F-BDA3-4D65-B9F1-0908E3681410}.Release|Any CPU.Build.0 = Release|Any CPU
		{F4EA979F-BDA3-4D65-B9F1-0908E3681410}.Release|Any CPU.Deploy.0 = Release|Any CPU
		{F4EA979F-BDA3-4D65-B9F1-0908E3681410}.Release|ARM.ActiveCfg = Release|ARM
		{F4EA979F-BDA3-4D65-B9F1-0908E3681410}.Release|ARM.Build.0 = Release|ARM
		{F4EA979F-BDA3-4D65-B9F1-0908E3681410}.Release|ARM.Deploy.0 = Release|ARM
		{F4EA979F-BDA3-4D65-B9F1-0908E3681410}.Release|iPhone.ActiveCfg = Release|Any CPU
		{F4EA979F-BDA3-4D65-B9F1-0908E3681410}.Release|iPhone.Build.0 = Release|Any CPU
		{F4EA979F-BDA3-4D65-B9F1-0908E3681410}.Release|iPhone.Deploy.0 = Release|Any CPU
		{F4EA979F-BDA3-4D65-B9F1-0908E3681410}.Release|iPhoneSimulator.ActiveCfg = Release|Any CPU
		{F4EA979F-BDA3-4D65-B9F1-0908E3681410}.Release|iPhoneSimulator.Build.0 = Release|Any CPU
		{F4EA979F-BDA3-4D65-B9F1-0908E3681410}.Release|iPhoneSimulator.Deploy.0 = Release|Any CPU
		{F4EA979F-BDA3-4D65-B9F1-0908E3681410}.Release|x64.ActiveCfg = Release|Any CPU
		{F4EA979F-BDA3-4D65-B9F1-0908E3681410}.Release|x64.Build.0 = Release|Any CPU
		{F4EA979F-BDA3-4D65-B9F1-0908E3681410}.Release|x64.Deploy.0 = Release|Any CPU
		{F4EA979F-BDA3-4D65-B9F1-0908E3681410}.Release|x86.ActiveCfg = Release|x86
		{F4EA979F-BDA3-4D65-B9F1-0908E3681410}.Release|x86.Build.0 = Release|x86
		{F4EA979F-BDA3-4D65-B9F1-0908E3681410}.Release|x86.Deploy.0 = Release|x86
		{8A4D3B04-4166-4E6B-9A5B-CFDBB0D9D53F}.Ad-Hoc|Any CPU.ActiveCfg = Release|Any CPU
		{8A4D3B04-4166-4E6B-9A5B-CFDBB0D9D53F}.Ad-Hoc|Any CPU.Build.0 = Release|Any CPU
		{8A4D3B04-4166-4E6B-9A5B-CFDBB0D9D53F}.Ad-Hoc|Any CPU.Deploy.0 = Release|Any CPU
		{8A4D3B04-4166-4E6B-9A5B-CFDBB0D9D53F}.Ad-Hoc|ARM.ActiveCfg = Release|ARM
		{8A4D3B04-4166-4E6B-9A5B-CFDBB0D9D53F}.Ad-Hoc|ARM.Build.0 = Release|ARM
		{8A4D3B04-4166-4E6B-9A5B-CFDBB0D9D53F}.Ad-Hoc|ARM.Deploy.0 = Release|ARM
		{8A4D3B04-4166-4E6B-9A5B-CFDBB0D9D53F}.Ad-Hoc|iPhone.ActiveCfg = Release|Any CPU
		{8A4D3B04-4166-4E6B-9A5B-CFDBB0D9D53F}.Ad-Hoc|iPhone.Build.0 = Release|Any CPU
		{8A4D3B04-4166-4E6B-9A5B-CFDBB0D9D53F}.Ad-Hoc|iPhone.Deploy.0 = Release|Any CPU
		{8A4D3B04-4166-4E6B-9A5B-CFDBB0D9D53F}.Ad-Hoc|iPhoneSimulator.ActiveCfg = Release|Any CPU
		{8A4D3B04-4166-4E6B-9A5B-CFDBB0D9D53F}.Ad-Hoc|iPhoneSimulator.Build.0 = Release|Any CPU
		{8A4D3B04-4166-4E6B-9A5B-CFDBB0D9D53F}.Ad-Hoc|iPhoneSimulator.Deploy.0 = Release|Any CPU
		{8A4D3B04-4166-4E6B-9A5B-CFDBB0D9D53F}.Ad-Hoc|x64.ActiveCfg = Release|x64
		{8A4D3B04-4166-4E6B-9A5B-CFDBB0D9D53F}.Ad-Hoc|x64.Build.0 = Release|x64
		{8A4D3B04-4166-4E6B-9A5B-CFDBB0D9D53F}.Ad-Hoc|x64.Deploy.0 = Release|x64
		{8A4D3B04-4166-4E6B-9A5B-CFDBB0D9D53F}.Ad-Hoc|x86.ActiveCfg = Release|x86
		{8A4D3B04-4166-4E6B-9A5B-CFDBB0D9D53F}.Ad-Hoc|x86.Build.0 = Release|x86
		{8A4D3B04-4166-4E6B-9A5B-CFDBB0D9D53F}.Ad-Hoc|x86.Deploy.0 = Release|x86
		{8A4D3B04-4166-4E6B-9A5B-CFDBB0D9D53F}.AppStore|Any CPU.ActiveCfg = Release|Any CPU
		{8A4D3B04-4166-4E6B-9A5B-CFDBB0D9D53F}.AppStore|Any CPU.Build.0 = Release|Any CPU
		{8A4D3B04-4166-4E6B-9A5B-CFDBB0D9D53F}.AppStore|Any CPU.Deploy.0 = Release|Any CPU
		{8A4D3B04-4166-4E6B-9A5B-CFDBB0D9D53F}.AppStore|ARM.ActiveCfg = Release|ARM
		{8A4D3B04-4166-4E6B-9A5B-CFDBB0D9D53F}.AppStore|ARM.Build.0 = Release|ARM
		{8A4D3B04-4166-4E6B-9A5B-CFDBB0D9D53F}.AppStore|ARM.Deploy.0 = Release|ARM
		{8A4D3B04-4166-4E6B-9A5B-CFDBB0D9D53F}.AppStore|iPhone.ActiveCfg = Release|Any CPU
		{8A4D3B04-4166-4E6B-9A5B-CFDBB0D9D53F}.AppStore|iPhone.Build.0 = Release|Any CPU
		{8A4D3B04-4166-4E6B-9A5B-CFDBB0D9D53F}.AppStore|iPhone.Deploy.0 = Release|Any CPU
		{8A4D3B04-4166-4E6B-9A5B-CFDBB0D9D53F}.AppStore|iPhoneSimulator.ActiveCfg = Release|Any CPU
		{8A4D3B04-4166-4E6B-9A5B-CFDBB0D9D53F}.AppStore|iPhoneSimulator.Build.0 = Release|Any CPU
		{8A4D3B04-4166-4E6B-9A5B-CFDBB0D9D53F}.AppStore|iPhoneSimulator.Deploy.0 = Release|Any CPU
		{8A4D3B04-4166-4E6B-9A5B-CFDBB0D9D53F}.AppStore|x64.ActiveCfg = Release|x64
		{8A4D3B04-4166-4E6B-9A5B-CFDBB0D9D53F}.AppStore|x64.Build.0 = Release|x64
		{8A4D3B04-4166-4E6B-9A5B-CFDBB0D9D53F}.AppStore|x64.Deploy.0 = Release|x64
		{8A4D3B04-4166-4E6B-9A5B-CFDBB0D9D53F}.AppStore|x86.ActiveCfg = Release|x86
		{8A4D3B04-4166-4E6B-9A5B-CFDBB0D9D53F}.AppStore|x86.Build.0 = Release|x86
		{8A4D3B04-4166-4E6B-9A5B-CFDBB0D9D53F}.AppStore|x86.Deploy.0 = Release|x86
		{8A4D3B04-4166-4E6B-9A5B-CFDBB0D9D53F}.Debug|Any CPU.ActiveCfg = Debug|Any CPU
		{8A4D3B04-4166-4E6B-9A5B-CFDBB0D9D53F}.Debug|Any CPU.Build.0 = Debug|Any CPU
		{8A4D3B04-4166-4E6B-9A5B-CFDBB0D9D53F}.Debug|Any CPU.Deploy.0 = Debug|Any CPU
		{8A4D3B04-4166-4E6B-9A5B-CFDBB0D9D53F}.Debug|ARM.ActiveCfg = Debug|ARM
		{8A4D3B04-4166-4E6B-9A5B-CFDBB0D9D53F}.Debug|ARM.Build.0 = Debug|ARM
		{8A4D3B04-4166-4E6B-9A5B-CFDBB0D9D53F}.Debug|ARM.Deploy.0 = Debug|ARM
		{8A4D3B04-4166-4E6B-9A5B-CFDBB0D9D53F}.Debug|iPhone.ActiveCfg = Debug|Any CPU
		{8A4D3B04-4166-4E6B-9A5B-CFDBB0D9D53F}.Debug|iPhone.Build.0 = Debug|Any CPU
		{8A4D3B04-4166-4E6B-9A5B-CFDBB0D9D53F}.Debug|iPhone.Deploy.0 = Debug|Any CPU
		{8A4D3B04-4166-4E6B-9A5B-CFDBB0D9D53F}.Debug|iPhoneSimulator.ActiveCfg = Debug|Any CPU
		{8A4D3B04-4166-4E6B-9A5B-CFDBB0D9D53F}.Debug|iPhoneSimulator.Build.0 = Debug|Any CPU
		{8A4D3B04-4166-4E6B-9A5B-CFDBB0D9D53F}.Debug|iPhoneSimulator.Deploy.0 = Debug|Any CPU
		{8A4D3B04-4166-4E6B-9A5B-CFDBB0D9D53F}.Debug|x64.ActiveCfg = Debug|x64
		{8A4D3B04-4166-4E6B-9A5B-CFDBB0D9D53F}.Debug|x64.Build.0 = Debug|x64
		{8A4D3B04-4166-4E6B-9A5B-CFDBB0D9D53F}.Debug|x64.Deploy.0 = Debug|x64
		{8A4D3B04-4166-4E6B-9A5B-CFDBB0D9D53F}.Debug|x86.ActiveCfg = Debug|x86
		{8A4D3B04-4166-4E6B-9A5B-CFDBB0D9D53F}.Debug|x86.Build.0 = Debug|x86
		{8A4D3B04-4166-4E6B-9A5B-CFDBB0D9D53F}.Debug|x86.Deploy.0 = Debug|x86
		{8A4D3B04-4166-4E6B-9A5B-CFDBB0D9D53F}.Release|Any CPU.ActiveCfg = Release|Any CPU
		{8A4D3B04-4166-4E6B-9A5B-CFDBB0D9D53F}.Release|Any CPU.Build.0 = Release|Any CPU
		{8A4D3B04-4166-4E6B-9A5B-CFDBB0D9D53F}.Release|Any CPU.Deploy.0 = Release|Any CPU
		{8A4D3B04-4166-4E6B-9A5B-CFDBB0D9D53F}.Release|ARM.ActiveCfg = Release|ARM
		{8A4D3B04-4166-4E6B-9A5B-CFDBB0D9D53F}.Release|ARM.Build.0 = Release|ARM
		{8A4D3B04-4166-4E6B-9A5B-CFDBB0D9D53F}.Release|ARM.Deploy.0 = Release|ARM
		{8A4D3B04-4166-4E6B-9A5B-CFDBB0D9D53F}.Release|iPhone.ActiveCfg = Release|Any CPU
		{8A4D3B04-4166-4E6B-9A5B-CFDBB0D9D53F}.Release|iPhone.Build.0 = Release|Any CPU
		{8A4D3B04-4166-4E6B-9A5B-CFDBB0D9D53F}.Release|iPhone.Deploy.0 = Release|Any CPU
		{8A4D3B04-4166-4E6B-9A5B-CFDBB0D9D53F}.Release|iPhoneSimulator.ActiveCfg = Release|Any CPU
		{8A4D3B04-4166-4E6B-9A5B-CFDBB0D9D53F}.Release|iPhoneSimulator.Build.0 = Release|Any CPU
		{8A4D3B04-4166-4E6B-9A5B-CFDBB0D9D53F}.Release|iPhoneSimulator.Deploy.0 = Release|Any CPU
		{8A4D3B04-4166-4E6B-9A5B-CFDBB0D9D53F}.Release|x64.ActiveCfg = Release|x64
		{8A4D3B04-4166-4E6B-9A5B-CFDBB0D9D53F}.Release|x64.Build.0 = Release|x64
		{8A4D3B04-4166-4E6B-9A5B-CFDBB0D9D53F}.Release|x64.Deploy.0 = Release|x64
		{8A4D3B04-4166-4E6B-9A5B-CFDBB0D9D53F}.Release|x86.ActiveCfg = Release|x86
		{8A4D3B04-4166-4E6B-9A5B-CFDBB0D9D53F}.Release|x86.Build.0 = Release|x86
		{8A4D3B04-4166-4E6B-9A5B-CFDBB0D9D53F}.Release|x86.Deploy.0 = Release|x86
		{7DEC270B-0E2C-44A1-BEF0-2F54E3583392}.Ad-Hoc|Any CPU.ActiveCfg = Release|Any CPU
		{7DEC270B-0E2C-44A1-BEF0-2F54E3583392}.Ad-Hoc|Any CPU.Build.0 = Release|Any CPU
		{7DEC270B-0E2C-44A1-BEF0-2F54E3583392}.Ad-Hoc|ARM.ActiveCfg = Release|Any CPU
		{7DEC270B-0E2C-44A1-BEF0-2F54E3583392}.Ad-Hoc|ARM.Build.0 = Release|Any CPU
		{7DEC270B-0E2C-44A1-BEF0-2F54E3583392}.Ad-Hoc|iPhone.ActiveCfg = Release|Any CPU
		{7DEC270B-0E2C-44A1-BEF0-2F54E3583392}.Ad-Hoc|iPhone.Build.0 = Release|Any CPU
		{7DEC270B-0E2C-44A1-BEF0-2F54E3583392}.Ad-Hoc|iPhoneSimulator.ActiveCfg = Release|Any CPU
		{7DEC270B-0E2C-44A1-BEF0-2F54E3583392}.Ad-Hoc|iPhoneSimulator.Build.0 = Release|Any CPU
		{7DEC270B-0E2C-44A1-BEF0-2F54E3583392}.Ad-Hoc|x64.ActiveCfg = Release|Any CPU
		{7DEC270B-0E2C-44A1-BEF0-2F54E3583392}.Ad-Hoc|x64.Build.0 = Release|Any CPU
		{7DEC270B-0E2C-44A1-BEF0-2F54E3583392}.Ad-Hoc|x86.ActiveCfg = Release|Any CPU
		{7DEC270B-0E2C-44A1-BEF0-2F54E3583392}.Ad-Hoc|x86.Build.0 = Release|Any CPU
		{7DEC270B-0E2C-44A1-BEF0-2F54E3583392}.AppStore|Any CPU.ActiveCfg = Release|Any CPU
		{7DEC270B-0E2C-44A1-BEF0-2F54E3583392}.AppStore|Any CPU.Build.0 = Release|Any CPU
		{7DEC270B-0E2C-44A1-BEF0-2F54E3583392}.AppStore|ARM.ActiveCfg = Release|Any CPU
		{7DEC270B-0E2C-44A1-BEF0-2F54E3583392}.AppStore|ARM.Build.0 = Release|Any CPU
		{7DEC270B-0E2C-44A1-BEF0-2F54E3583392}.AppStore|iPhone.ActiveCfg = Release|Any CPU
		{7DEC270B-0E2C-44A1-BEF0-2F54E3583392}.AppStore|iPhone.Build.0 = Release|Any CPU
		{7DEC270B-0E2C-44A1-BEF0-2F54E3583392}.AppStore|iPhoneSimulator.ActiveCfg = Release|Any CPU
		{7DEC270B-0E2C-44A1-BEF0-2F54E3583392}.AppStore|iPhoneSimulator.Build.0 = Release|Any CPU
		{7DEC270B-0E2C-44A1-BEF0-2F54E3583392}.AppStore|x64.ActiveCfg = Release|Any CPU
		{7DEC270B-0E2C-44A1-BEF0-2F54E3583392}.AppStore|x64.Build.0 = Release|Any CPU
		{7DEC270B-0E2C-44A1-BEF0-2F54E3583392}.AppStore|x86.ActiveCfg = Release|Any CPU
		{7DEC270B-0E2C-44A1-BEF0-2F54E3583392}.AppStore|x86.Build.0 = Release|Any CPU
		{7DEC270B-0E2C-44A1-BEF0-2F54E3583392}.Debug|Any CPU.ActiveCfg = Debug|Any CPU
		{7DEC270B-0E2C-44A1-BEF0-2F54E3583392}.Debug|Any CPU.Build.0 = Debug|Any CPU
		{7DEC270B-0E2C-44A1-BEF0-2F54E3583392}.Debug|ARM.ActiveCfg = Debug|Any CPU
		{7DEC270B-0E2C-44A1-BEF0-2F54E3583392}.Debug|ARM.Build.0 = Debug|Any CPU
		{7DEC270B-0E2C-44A1-BEF0-2F54E3583392}.Debug|iPhone.ActiveCfg = Debug|Any CPU
		{7DEC270B-0E2C-44A1-BEF0-2F54E3583392}.Debug|iPhone.Build.0 = Debug|Any CPU
		{7DEC270B-0E2C-44A1-BEF0-2F54E3583392}.Debug|iPhoneSimulator.ActiveCfg = Debug|Any CPU
		{7DEC270B-0E2C-44A1-BEF0-2F54E3583392}.Debug|iPhoneSimulator.Build.0 = Debug|Any CPU
		{7DEC270B-0E2C-44A1-BEF0-2F54E3583392}.Debug|x64.ActiveCfg = Debug|Any CPU
		{7DEC270B-0E2C-44A1-BEF0-2F54E3583392}.Debug|x64.Build.0 = Debug|Any CPU
		{7DEC270B-0E2C-44A1-BEF0-2F54E3583392}.Debug|x86.ActiveCfg = Debug|Any CPU
		{7DEC270B-0E2C-44A1-BEF0-2F54E3583392}.Debug|x86.Build.0 = Debug|Any CPU
		{7DEC270B-0E2C-44A1-BEF0-2F54E3583392}.Release|Any CPU.ActiveCfg = Release|Any CPU
		{7DEC270B-0E2C-44A1-BEF0-2F54E3583392}.Release|Any CPU.Build.0 = Release|Any CPU
		{7DEC270B-0E2C-44A1-BEF0-2F54E3583392}.Release|ARM.ActiveCfg = Release|Any CPU
		{7DEC270B-0E2C-44A1-BEF0-2F54E3583392}.Release|ARM.Build.0 = Release|Any CPU
		{7DEC270B-0E2C-44A1-BEF0-2F54E3583392}.Release|iPhone.ActiveCfg = Release|Any CPU
		{7DEC270B-0E2C-44A1-BEF0-2F54E3583392}.Release|iPhone.Build.0 = Release|Any CPU
		{7DEC270B-0E2C-44A1-BEF0-2F54E3583392}.Release|iPhoneSimulator.ActiveCfg = Release|Any CPU
		{7DEC270B-0E2C-44A1-BEF0-2F54E3583392}.Release|iPhoneSimulator.Build.0 = Release|Any CPU
		{7DEC270B-0E2C-44A1-BEF0-2F54E3583392}.Release|x64.ActiveCfg = Release|Any CPU
		{7DEC270B-0E2C-44A1-BEF0-2F54E3583392}.Release|x64.Build.0 = Release|Any CPU
		{7DEC270B-0E2C-44A1-BEF0-2F54E3583392}.Release|x86.ActiveCfg = Release|Any CPU
		{7DEC270B-0E2C-44A1-BEF0-2F54E3583392}.Release|x86.Build.0 = Release|Any CPU
	EndGlobalSection
	GlobalSection(SolutionProperties) = preSolution
		HideSolutionNode = FALSE
	EndGlobalSection
EndGlobal
